
Microsoft Visual Studio Solution File, Format Version 12.00
# Visual Studio Version 17
VisualStudioVersion = 17.3.32825.248
MinimumVisualStudioVersion = 10.0.40219.1
Project("{FAE04EC0-301F-11D3-BF4B-00C04F79EFBC}") = "WorkingDataTable", "WorkingDataTable\WorkingDataTable.csproj", "{2E9B5F65-E192-4B18-BD97-643B4F5C7AA5}"
EndProject
Global
	GlobalSection(SolutionConfigurationPlatforms) = preSolution
		Debug|Any CPU = Debug|Any CPU
		Release|Any CPU = Release|Any CPU
	EndGlobalSection
	GlobalSection(ProjectConfigurationPlatforms) = postSolution
		{2E9B5F65-E192-4B18-BD97-643B4F5C7AA5}.Debug|Any CPU.ActiveCfg = Debug|Any CPU
		{2E9B5F65-E192-4B18-BD97-643B4F5C7AA5}.Debug|Any CPU.Build.0 = Debug|Any CPU
		{2E9B5F65-E192-4B18-BD97-643B4F5C7AA5}.Release|Any CPU.ActiveCfg = Release|Any CPU
		{2E9B5F65-E192-4B18-BD97-643B4F5C7AA5}.Release|Any CPU.Build.0 = Release|Any CPU
	EndGlobalSection
	GlobalSection(SolutionProperties) = preSolution
		HideSolutionNode = FALSE
	EndGlobalSection
	GlobalSection(ExtensibilityGlobals) = postSolution
		SolutionGuid = {3D9E0C4F-96E1-41CF-8BFA-4E4309CC2180}
	EndGlobalSection
EndGlobal
