
Microsoft Visual Studio Solution File, Format Version 12.00
# Visual Studio Version 17
VisualStudioVersion = 17.5.33516.290
MinimumVisualStudioVersion = 10.0.40219.1
Project("{FAE04EC0-301F-11D3-BF4B-00C04F79EFBC}") = "WinContainer", "WinContainer\WinContainer.csproj", "{34D8A532-14B3-4EFD-A745-CC13A41E66F4}"
EndProject
Global
	GlobalSection(SolutionConfigurationPlatforms) = preSolution
		Debug|Any CPU = Debug|Any CPU
		Release|Any CPU = Release|Any CPU
	EndGlobalSection
	GlobalSection(ProjectConfigurationPlatforms) = postSolution
		{34D8A532-14B3-4EFD-A745-CC13A41E66F4}.Debug|Any CPU.ActiveCfg = Debug|Any CPU
		{34D8A532-14B3-4EFD-A745-CC13A41E66F4}.Debug|Any CPU.Build.0 = Debug|Any CPU
		{34D8A532-14B3-4EFD-A745-CC13A41E66F4}.Release|Any CPU.ActiveCfg = Release|Any CPU
		{34D8A532-14B3-4EFD-A745-CC13A41E66F4}.Release|Any CPU.Build.0 = Release|Any CPU
	EndGlobalSection
	GlobalSection(SolutionProperties) = preSolution
		HideSolutionNode = FALSE
	EndGlobalSection
	GlobalSection(ExtensibilityGlobals) = postSolution
		SolutionGuid = {3CFA3BEF-AA19-44BE-8A1D-F3EE0056D5D6}
	EndGlobalSection
EndGlobal
