
Microsoft Visual Studio Solution File, Format Version 12.00
# Visual Studio Version 17
VisualStudioVersion = 17.3.32825.248
MinimumVisualStudioVersion = 10.0.40219.1
Project("{FAE04EC0-301F-11D3-BF4B-00C04F79EFBC}") = "DataViewExample", "DataViewExample\DataViewExample.csproj", "{700636A7-D8C6-4909-AEDC-F4ECD9CA2629}"
EndProject
Global
	GlobalSection(SolutionConfigurationPlatforms) = preSolution
		Debug|Any CPU = Debug|Any CPU
		Release|Any CPU = Release|Any CPU
	EndGlobalSection
	GlobalSection(ProjectConfigurationPlatforms) = postSolution
		{700636A7-D8C6-4909-AEDC-F4ECD9CA2629}.Debug|Any CPU.ActiveCfg = Debug|Any CPU
		{700636A7-D8C6-4909-AEDC-F4ECD9CA2629}.Debug|Any CPU.Build.0 = Debug|Any CPU
		{700636A7-D8C6-4909-AEDC-F4ECD9CA2629}.Release|Any CPU.ActiveCfg = Release|Any CPU
		{700636A7-D8C6-4909-AEDC-F4ECD9CA2629}.Release|Any CPU.Build.0 = Release|Any CPU
	EndGlobalSection
	GlobalSection(SolutionProperties) = preSolution
		HideSolutionNode = FALSE
	EndGlobalSection
	GlobalSection(ExtensibilityGlobals) = postSolution
		SolutionGuid = {88AD65CB-AFB4-4922-B7BC-B6AE7DAB071F}
	EndGlobalSection
EndGlobal
