
Microsoft Visual Studio Solution File, Format Version 12.00
# Visual Studio Version 17
VisualStudioVersion = 17.3.32825.248
MinimumVisualStudioVersion = 10.0.40219.1
Project("{FAE04EC0-301F-11D3-BF4B-00C04F79EFBC}") = "LINQsqlSproc", "LINQsqlSproc\LINQsqlSproc.csproj", "{A1479D3C-3981-4FFF-8CE7-32675CD3647A}"
EndProject
Global
	GlobalSection(SolutionConfigurationPlatforms) = preSolution
		Debug|Any CPU = Debug|Any CPU
		Release|Any CPU = Release|Any CPU
	EndGlobalSection
	GlobalSection(ProjectConfigurationPlatforms) = postSolution
		{A1479D3C-3981-4FFF-8CE7-32675CD3647A}.Debug|Any CPU.ActiveCfg = Debug|Any CPU
		{A1479D3C-3981-4FFF-8CE7-32675CD3647A}.Debug|Any CPU.Build.0 = Debug|Any CPU
		{A1479D3C-3981-4FFF-8CE7-32675CD3647A}.Release|Any CPU.ActiveCfg = Release|Any CPU
		{A1479D3C-3981-4FFF-8CE7-32675CD3647A}.Release|Any CPU.Build.0 = Release|Any CPU
	EndGlobalSection
	GlobalSection(SolutionProperties) = preSolution
		HideSolutionNode = FALSE
	EndGlobalSection
	GlobalSection(ExtensibilityGlobals) = postSolution
		SolutionGuid = {2AB861B1-E282-44FA-9624-5A26C36E41D1}
	EndGlobalSection
EndGlobal
