
Microsoft Visual Studio Solution File, Format Version 12.00
# Visual Studio Version 17
VisualStudioVersion = 17.5.33516.290
MinimumVisualStudioVersion = 10.0.40219.1
Project("{FAE04EC0-301F-11D3-BF4B-00C04F79EFBC}") = "MdiApplication", "MdiApplication\MdiApplication.csproj", "{08EC7430-129A-448B-AEB3-EC9FF2ED6D08}"
EndProject
Global
	GlobalSection(SolutionConfigurationPlatforms) = preSolution
		Debug|Any CPU = Debug|Any CPU
		Release|Any CPU = Release|Any CPU
	EndGlobalSection
	GlobalSection(ProjectConfigurationPlatforms) = postSolution
		{08EC7430-129A-448B-AEB3-EC9FF2ED6D08}.Debug|Any CPU.ActiveCfg = Debug|Any CPU
		{08EC7430-129A-448B-AEB3-EC9FF2ED6D08}.Debug|Any CPU.Build.0 = Debug|Any CPU
		{08EC7430-129A-448B-AEB3-EC9FF2ED6D08}.Release|Any CPU.ActiveCfg = Release|Any CPU
		{08EC7430-129A-448B-AEB3-EC9FF2ED6D08}.Release|Any CPU.Build.0 = Release|Any CPU
	EndGlobalSection
	GlobalSection(SolutionProperties) = preSolution
		HideSolutionNode = FALSE
	EndGlobalSection
	GlobalSection(ExtensibilityGlobals) = postSolution
		SolutionGuid = {87E7523F-EE83-47E2-A402-50C3C2310FCD}
	EndGlobalSection
EndGlobal
