
Microsoft Visual Studio Solution File, Format Version 12.00
# Visual Studio Version 17
VisualStudioVersion = 17.3.32825.248
MinimumVisualStudioVersion = 10.0.40219.1
Project("{FAE04EC0-301F-11D3-BF4B-00C04F79EFBC}") = "SavingDataSetXml", "SavingDataSetXml\SavingDataSetXml.csproj", "{53F95BE1-2482-4E0D-87D9-F6D633BD5E3B}"
EndProject
Global
	GlobalSection(SolutionConfigurationPlatforms) = preSolution
		Debug|Any CPU = Debug|Any CPU
		Release|Any CPU = Release|Any CPU
	EndGlobalSection
	GlobalSection(ProjectConfigurationPlatforms) = postSolution
		{53F95BE1-2482-4E0D-87D9-F6D633BD5E3B}.Debug|Any CPU.ActiveCfg = Debug|Any CPU
		{53F95BE1-2482-4E0D-87D9-F6D633BD5E3B}.Debug|Any CPU.Build.0 = Debug|Any CPU
		{53F95BE1-2482-4E0D-87D9-F6D633BD5E3B}.Release|Any CPU.ActiveCfg = Release|Any CPU
		{53F95BE1-2482-4E0D-87D9-F6D633BD5E3B}.Release|Any CPU.Build.0 = Release|Any CPU
	EndGlobalSection
	GlobalSection(SolutionProperties) = preSolution
		HideSolutionNode = FALSE
	EndGlobalSection
	GlobalSection(ExtensibilityGlobals) = postSolution
		SolutionGuid = {F2338068-EAD6-4259-94FC-9F5FCC50A8BA}
	EndGlobalSection
EndGlobal
