
Microsoft Visual Studio Solution File, Format Version 12.00
# Visual Studio Version 17
VisualStudioVersion = 17.5.33414.496
MinimumVisualStudioVersion = 10.0.40219.1
Project("{FAE04EC0-301F-11D3-BF4B-00C04F79EFBC}") = "EditPerson", "EditPerson\EditPerson.csproj", "{69C101A8-4804-4ADB-BA10-9B20F1986D9A}"
EndProject
Global
	GlobalSection(SolutionConfigurationPlatforms) = preSolution
		Debug|Any CPU = Debug|Any CPU
		Release|Any CPU = Release|Any CPU
	EndGlobalSection
	GlobalSection(ProjectConfigurationPlatforms) = postSolution
		{69C101A8-4804-4ADB-BA10-9B20F1986D9A}.Debug|Any CPU.ActiveCfg = Debug|Any CPU
		{69C101A8-4804-4ADB-BA10-9B20F1986D9A}.Debug|Any CPU.Build.0 = Debug|Any CPU
		{69C101A8-4804-4ADB-BA10-9B20F1986D9A}.Release|Any CPU.ActiveCfg = Release|Any CPU
		{69C101A8-4804-4ADB-BA10-9B20F1986D9A}.Release|Any CPU.Build.0 = Release|Any CPU
	EndGlobalSection
	GlobalSection(SolutionProperties) = preSolution
		HideSolutionNode = FALSE
	EndGlobalSection
	GlobalSection(ExtensibilityGlobals) = postSolution
		SolutionGuid = {C6E88828-839E-4C69-92AF-7B387380F22C}
	EndGlobalSection
EndGlobal
